
Microsoft Visual Studio Solution File, Format Version 12.00
# Visual Studio Version 16
VisualStudioVersion = 16.0.30320.27
MinimumVisualStudioVersion = 10.0.40219.1
Project("{FAE04EC0-301F-11D3-BF4B-00C04F79EFBC}") = "CalculationLib.dll", "CalculationLib.dll\CalculationLib.dll.csproj", "{A97F6DC5-1743-4C19-B19E-AF633AD84CD6}"
EndProject
Project("{FAE04EC0-301F-11D3-BF4B-00C04F79EFBC}") = "ConsoleApp1", "ConsoleApp1\ConsoleApp1.csproj", "{ABF267DA-678D-480A-89FA-1A53AFAAE814}"
EndProject
Global
	GlobalSection(SolutionConfigurationPlatforms) = preSolution
		Debug|Any CPU = Debug|Any CPU
		Release|Any CPU = Release|Any CPU
	EndGlobalSection
	GlobalSection(ProjectConfigurationPlatforms) = postSolution
		{A97F6DC5-1743-4C19-B19E-AF633AD84CD6}.Debug|Any CPU.ActiveCfg = Debug|Any CPU
		{A97F6DC5-1743-4C19-B19E-AF633AD84CD6}.Debug|Any CPU.Build.0 = Debug|Any CPU
		{A97F6DC5-1743-4C19-B19E-AF633AD84CD6}.Release|Any CPU.ActiveCfg = Release|Any CPU
		{A97F6DC5-1743-4C19-B19E-AF633AD84CD6}.Release|Any CPU.Build.0 = Release|Any CPU
		{ABF267DA-678D-480A-89FA-1A53AFAAE814}.Debug|Any CPU.ActiveCfg = Debug|Any CPU
		{ABF267DA-678D-480A-89FA-1A53AFAAE814}.Debug|Any CPU.Build.0 = Debug|Any CPU
		{ABF267DA-678D-480A-89FA-1A53AFAAE814}.Release|Any CPU.ActiveCfg = Release|Any CPU
		{ABF267DA-678D-480A-89FA-1A53AFAAE814}.Release|Any CPU.Build.0 = Release|Any CPU
	EndGlobalSection
	GlobalSection(SolutionProperties) = preSolution
		HideSolutionNode = FALSE
	EndGlobalSection
	GlobalSection(ExtensibilityGlobals) = postSolution
		SolutionGuid = {FBA10FA3-88C4-4C86-A0F3-029FDBB01707}
	EndGlobalSection
EndGlobal
